<?xml version="1.0" encoding="utf-8"?>
<Project ToolsVersion="4.0" xmlns="http://schemas.microsoft.com/developer/msbuild/2003">
  <ItemGroup>
    <ClCompile Include="ProjectMain.cpp" />
    <ClCompile Include="ShaderTechnique.cpp" />
    <ClCompile Include="RenderObject.cpp" />
  </ItemGroup>
  <ItemGroup>
    <ClInclude Include="Camera.h">
      <Filter>Header Files</Filter>
    </ClInclude>
    <ClInclude Include="aiterror.h">
      <Filter>Header Files</Filter>
    </ClInclude>
    <ClInclude Include="ShaderTechnique.h">
      <Filter>Header Files</Filter>
    </ClInclude>
    <ClInclude Include="RenderObject.h">
      <Filter>Header Files</Filter>
    </ClInclude>
  </ItemGroup>
  <ItemGroup>
    <None Include="fragmentshader.glsl" />
    <None Include="freeglut.dll" />
    <None Include="glew32.dll" />
    <None Include="vertexshader.glsl" />
  </ItemGroup>
  <ItemGroup>
    <Filter Include="Header Files">
      <UniqueIdentifier>{e17f1392-a08a-42a1-8bc1-f44c449fa3a7}</UniqueIdentifier>
    </Filter>
  </ItemGroup>
</Project>